
Microsoft Visual Studio Solution File, Format Version 9.00
# Visual C++ Express 2005
Project("{8BC9CEB8-8B4A-11D0-8D11-00A0C91BC942}") = "opcgateway", "opcgateway.vcproj", "{F485279F-BA3E-426D-9E81-5DD9F1B2A583}"
EndProject
Global
	GlobalSection(SolutionConfigurationPlatforms) = preSolution
		Debug|Win32 = Debug|Win32
		Release|Win32 = Release|Win32
	EndGlobalSection
	GlobalSection(ProjectConfigurationPlatforms) = postSolution
		{F485279F-BA3E-426D-9E81-5DD9F1B2A583}.Debug|Win32.ActiveCfg = Debug|Win32
		{F485279F-BA3E-426D-9E81-5DD9F1B2A583}.Debug|Win32.Build.0 = Debug|Win32
		{F485279F-BA3E-426D-9E81-5DD9F1B2A583}.Release|Win32.ActiveCfg = Release|Win32
		{F485279F-BA3E-426D-9E81-5DD9F1B2A583}.Release|Win32.Build.0 = Release|Win32
	EndGlobalSection
	GlobalSection(SolutionProperties) = preSolution
		HideSolutionNode = FALSE
	EndGlobalSection
EndGlobal
